
Microsoft Visual Studio Solution File, Format Version 12.00
# Visual Studio Version 17
VisualStudioVersion = 17.6.33712.159
MinimumVisualStudioVersion = 10.0.40219.1
Project("{8BC9CEB8-8B4A-11D0-8D11-00A0C91BC942}") = "SQLBackup", "SQLBackup.vcxproj", "{23BB185C-BC6E-4887-B2C0-EAE4BC15FFE9}"
EndProject
Project("{8BC9CEB8-8B4A-11D0-8D11-00A0C91BC942}") = "SQLBackupTests", "..\SQLBackupTests\SQLBackupTests.vcxproj", "{02CB1124-A96A-495C-87C5-C514A63B8B1E}"
EndProject
Global
	GlobalSection(SolutionConfigurationPlatforms) = preSolution
		Debug|x64 = Debug|x64
		Debug|x86 = Debug|x86
		Release|x64 = Release|x64
		Release|x86 = Release|x86
	EndGlobalSection
	GlobalSection(ProjectConfigurationPlatforms) = postSolution
		{23BB185C-BC6E-4887-B2C0-EAE4BC15FFE9}.Debug|x64.ActiveCfg = Debug|x64
		{23BB185C-BC6E-4887-B2C0-EAE4BC15FFE9}.Debug|x64.Build.0 = Debug|x64
		{23BB185C-BC6E-4887-B2C0-EAE4BC15FFE9}.Debug|x86.ActiveCfg = Debug|Win32
		{23BB185C-BC6E-4887-B2C0-EAE4BC15FFE9}.Debug|x86.Build.0 = Debug|Win32
		{23BB185C-BC6E-4887-B2C0-EAE4BC15FFE9}.Release|x64.ActiveCfg = Release|x64
		{23BB185C-BC6E-4887-B2C0-EAE4BC15FFE9}.Release|x64.Build.0 = Release|x64
		{23BB185C-BC6E-4887-B2C0-EAE4BC15FFE9}.Release|x86.ActiveCfg = Release|Win32
		{23BB185C-BC6E-4887-B2C0-EAE4BC15FFE9}.Release|x86.Build.0 = Release|Win32
		{02CB1124-A96A-495C-87C5-C514A63B8B1E}.Debug|x64.ActiveCfg = Debug|x64
		{02CB1124-A96A-495C-87C5-C514A63B8B1E}.Debug|x64.Build.0 = Debug|x64
		{02CB1124-A96A-495C-87C5-C514A63B8B1E}.Debug|x86.ActiveCfg = Debug|Win32
		{02CB1124-A96A-495C-87C5-C514A63B8B1E}.Debug|x86.Build.0 = Debug|Win32
		{02CB1124-A96A-495C-87C5-C514A63B8B1E}.Release|x64.ActiveCfg = Release|x64
		{02CB1124-A96A-495C-87C5-C514A63B8B1E}.Release|x64.Build.0 = Release|x64
		{02CB1124-A96A-495C-87C5-C514A63B8B1E}.Release|x86.ActiveCfg = Release|Win32
		{02CB1124-A96A-495C-87C5-C514A63B8B1E}.Release|x86.Build.0 = Release|Win32
	EndGlobalSection
	GlobalSection(SolutionProperties) = preSolution
		HideSolutionNode = FALSE
	EndGlobalSection
	GlobalSection(ExtensibilityGlobals) = postSolution
		SolutionGuid = {90667891-DAAA-4791-A129-87B2DB542EE7}
	EndGlobalSection
EndGlobal
